
Microsoft Visual Studio Solution File, Format Version 12.00
# Visual Studio Version 16
VisualStudioVersion = 16.0.32002.261
MinimumVisualStudioVersion = 10.0.40219.1
Project("{FAE04EC0-301F-11D3-BF4B-00C04F79EFBC}") = "Practice_v3", "Practice_v3\Practice_v3.csproj", "{FB6756FB-91D6-48B5-9ED0-2B0E8F28927E}"
EndProject
Global
	GlobalSection(SolutionConfigurationPlatforms) = preSolution
		Debug|Any CPU = Debug|Any CPU
		Release|Any CPU = Release|Any CPU
	EndGlobalSection
	GlobalSection(ProjectConfigurationPlatforms) = postSolution
		{FB6756FB-91D6-48B5-9ED0-2B0E8F28927E}.Debug|Any CPU.ActiveCfg = Debug|Any CPU
		{FB6756FB-91D6-48B5-9ED0-2B0E8F28927E}.Debug|Any CPU.Build.0 = Debug|Any CPU
		{FB6756FB-91D6-48B5-9ED0-2B0E8F28927E}.Release|Any CPU.ActiveCfg = Release|Any CPU
		{FB6756FB-91D6-48B5-9ED0-2B0E8F28927E}.Release|Any CPU.Build.0 = Release|Any CPU
	EndGlobalSection
	GlobalSection(SolutionProperties) = preSolution
		HideSolutionNode = FALSE
	EndGlobalSection
	GlobalSection(ExtensibilityGlobals) = postSolution
		SolutionGuid = {8F0752EB-C1A3-4D81-8AC9-33CB194E7B58}
	EndGlobalSection
EndGlobal
